// !$*UTF8*$!
{
	archiveVersion = 1;
	classes = {
	};
	objectVersion = 50;
	objects = {

/* Begin PBXBuildFile section */
		DCFEA60720EED8CD00C1D660 /* AppDelegate.swift in Sources */ = {isa = PBXBuildFile; fileRef = DCFEA60620EED8CD00C1D660 /* AppDelegate.swift */; };
		DCFEA60D20EED8CD00C1D660 /* GameScene.swift in Sources */ = {isa = PBXBuildFile; fileRef = DCFEA60C20EED8CD00C1D660 /* GameScene.swift */; };
		DCFEA60F20EED8CD00C1D660 /* GameViewController.swift in Sources */ = {isa = PBXBuildFile; fileRef = DCFEA60E20EED8CD00C1D660 /* GameViewController.swift */; };
		DCFEA61220EED8CD00C1D660 /* Main.storyboard in Resources */ = {isa = PBXBuildFile; fileRef = DCFEA61020EED8CD00C1D660 /* Main.storyboard */; };
		DCFEA61420EED8CE00C1D660 /* Assets.xcassets in Resources */ = {isa = PBXBuildFile; fileRef = DCFEA61320EED8CE00C1D660 /* Assets.xcassets */; };
		DCFEA61720EED8CE00C1D660 /* LaunchScreen.storyboard in Resources */ = {isa = PBXBuildFile; fileRef = DCFEA61520EED8CE00C1D660 /* LaunchScreen.storyboard */; };
		DCFEA62220EED8CE00C1D660 /* milkShakeTests.swift in Sources */ = {isa = PBXBuildFile; fileRef = DCFEA62120EED8CE00C1D660 /* milkShakeTests.swift */; };
		DCFEA62D20EED8CF00C1D660 /* milkShakeUITests.swift in Sources */ = {isa = PBXBuildFile; fileRef = DCFEA62C20EED8CF00C1D660 /* milkShakeUITests.swift */; };
/* End PBXBuildFile section */

/* Begin PBXContainerItemProxy section */
		DCFEA61E20EED8CE00C1D660 /* PBXContainerItemProxy */ = {
			isa = PBXContainerItemProxy;
			containerPortal = DCFEA5FB20EED8CD00C1D660 /* Project object */;
			proxyType = 1;
			remoteGlobalIDString = DCFEA60220EED8CD00C1D660;
			remoteInfo = milkShake;
		};
		DCFEA62920EED8CF00C1D660 /* PBXContainerItemProxy */ = {
			isa = PBXContainerItemProxy;
			containerPortal = DCFEA5FB20EED8CD00C1D660 /* Project object */;
			proxyType = 1;
			remoteGlobalIDString = DCFEA60220EED8CD00C1D660;
			remoteInfo = milkShake;
		};
/* End PBXContainerItemProxy section */

/* Begin PBXFileReference section */
		DCFEA60320EED8CD00C1D660 /* milkShake.app */ = {isa = PBXFileReference; explicitFileType = wrapper.application; includeInIndex = 0; path = milkShake.app; sourceTree = BUILT_PRODUCTS_DIR; };
		DCFEA60620EED8CD00C1D660 /* AppDelegate.swift */ = {isa = PBXFileReference; lastKnownFileType = sourcecode.swift; path = AppDelegate.swift; sourceTree = "<group>"; };
		DCFEA60C20EED8CD00C1D660 /* GameScene.swift */ = {isa = PBXFileReference; lastKnownFileType = sourcecode.swift; path = GameScene.swift; sourceTree = "<group>"; };
		DCFEA60E20EED8CD00C1D660 /* GameViewController.swift */ = {isa = PBXFileReference; lastKnownFileType = sourcecode.swift; path = GameViewController.swift; sourceTree = "<group>"; };
		DCFEA61120EED8CD00C1D660 /* Base */ = {isa = PBXFileReference; lastKnownFileType = file.storyboard; name = Base; path = Base.lproj/Main.storyboard; sourceTree = "<group>"; };
		DCFEA61320EED8CE00C1D660 /* Assets.xcassets */ = {isa = PBXFileReference; lastKnownFileType = folder.assetcatalog; path = Assets.xcassets; sourceTree = "<group>"; };
		DCFEA61620EED8CE00C1D660 /* Base */ = {isa = PBXFileReference; lastKnownFileType = file.storyboard; name = Base; path = Base.lproj/LaunchScreen.storyboard; sourceTree = "<group>"; };
		DCFEA61820EED8CE00C1D660 /* Info.plist */ = {isa = PBXFileReference; lastKnownFileType = text.plist.xml; path = Info.plist; sourceTree = "<group>"; };
		DCFEA61D20EED8CE00C1D660 /* milkShakeTests.xctest */ = {isa = PBXFileReference; explicitFileType = wrapper.cfbundle; includeInIndex = 0; path = milkShakeTests.xctest; sourceTree = BUILT_PRODUCTS_DIR; };
		DCFEA62120EED8CE00C1D660 /* milkShakeTests.swift */ = {isa = PBXFileReference; lastKnownFileType = sourcecode.swift; path = milkShakeTests.swift; sourceTree = "<group>"; };
		DCFEA62320EED8CE00C1D660 /* Info.plist */ = {isa = PBXFileReference; lastKnownFileType = text.plist.xml; path = Info.plist; sourceTree = "<group>"; };
		DCFEA62820EED8CF00C1D660 /* milkShakeUITests.xctest */ = {isa = PBXFileReference; explicitFileType = wrapper.cfbundle; includeInIndex = 0; path = milkShakeUITests.xctest; sourceTree = BUILT_PRODUCTS_DIR; };
		DCFEA62C20EED8CF00C1D660 /* milkShakeUITests.swift */ = {isa = PBXFileReference; lastKnownFileType = sourcecode.swift; path = milkShakeUITests.swift; sourceTree = "<group>"; };
		DCFEA62E20EED8CF00C1D660 /* Info.plist */ = {isa = PBXFileReference; lastKnownFileType = text.plist.xml; path = Info.plist; sourceTree = "<group>"; };
/* End PBXFileReference section */

/* Begin PBXFrameworksBuildPhase section */
		DCFEA60020EED8CD00C1D660 /* Frameworks */ = {
			isa = PBXFrameworksBuildPhase;
			buildActionMask = 2147483647;
			files = (
			);
			runOnlyForDeploymentPostprocessing = 0;
		};
		DCFEA61A20EED8CE00C1D660 /* Frameworks */ = {
			isa = PBXFrameworksBuildPhase;
			buildActionMask = 2147483647;
			files = (
			);
			runOnlyForDeploymentPostprocessing = 0;
		};
		DCFEA62520EED8CF00C1D660 /* Frameworks */ = {
			isa = PBXFrameworksBuildPhase;
			buildActionMask = 2147483647;
			files = (
			);
			runOnlyForDeploymentPostprocessing = 0;
		};
/* End PBXFrameworksBuildPhase section */

/* Begin PBXGroup section */
		DCFEA5FA20EED8CD00C1D660 = {
			isa = PBXGroup;
			children = (
				DCFEA60520EED8CD00C1D660 /* milkShake */,
				DCFEA62020EED8CE00C1D660 /* milkShakeTests */,
				DCFEA62B20EED8CF00C1D660 /* milkShakeUITests */,
				DCFEA60420EED8CD00C1D660 /* Products */,
			);
			sourceTree = "<group>";
		};
		DCFEA60420EED8CD00C1D660 /* Products */ = {
			isa = PBXGroup;
			children = (
				DCFEA60320EED8CD00C1D660 /* milkShake.app */,
				DCFEA61D20EED8CE00C1D660 /* milkShakeTests.xctest */,
				DCFEA62820EED8CF00C1D660 /* milkShakeUITests.xctest */,
			);
			name = Products;
			sourceTree = "<group>";
		};
		DCFEA60520EED8CD00C1D660 /* milkShake */ = {
			isa = PBXGroup;
			children = (
				DCFEA60620EED8CD00C1D660 /* AppDelegate.swift */,
				DCFEA60C20EED8CD00C1D660 /* GameScene.swift */,
				DCFEA60E20EED8CD00C1D660 /* GameViewController.swift */,
				DCFEA61020EED8CD00C1D660 /* Main.storyboard */,
				DCFEA61320EED8CE00C1D660 /* Assets.xcassets */,
				DCFEA61520EED8CE00C1D660 /* LaunchScreen.storyboard */,
				DCFEA61820EED8CE00C1D660 /* Info.plist */,
			);
			path = milkShake;
			sourceTree = "<group>";
		};
		DCFEA62020EED8CE00C1D660 /* milkShakeTests */ = {
			isa = PBXGroup;
			children = (
				DCFEA62120EED8CE00C1D660 /* milkShakeTests.swift */,
				DCFEA62320EED8CE00C1D660 /* Info.plist */,
			);
			path = milkShakeTests;
			sourceTree = "<group>";
		};
		DCFEA62B20EED8CF00C1D660 /* milkShakeUITests */ = {
			isa = PBXGroup;
			children = (
				DCFEA62C20EED8CF00C1D660 /* milkShakeUITests.swift */,
				DCFEA62E20EED8CF00C1D660 /* Info.plist */,
			);
			path = milkShakeUITests;
			sourceTree = "<group>";
		};
/* End PBXGroup section */

/* Begin PBXNativeTarget section */
		DCFEA60220EED8CD00C1D660 /* milkShake */ = {
			isa = PBXNativeTarget;
			buildConfigurationList = DCFEA63120EED8CF00C1D660 /* Build configuration list for PBXNativeTarget "milkShake" */;
			buildPhases = (
				DCFEA5FF20EED8CD00C1D660 /* Sources */,
				DCFEA60020EED8CD00C1D660 /* Frameworks */,
				DCFEA60120EED8CD00C1D660 /* Resources */,
			);
			buildRules = (
			);
			dependencies = (
			);
			name = milkShake;
			productName = milkShake;
			productReference = DCFEA60320EED8CD00C1D660 /* milkShake.app */;
			productType = "com.apple.product-type.application";
		};
		DCFEA61C20EED8CE00C1D660 /* milkShakeTests */ = {
			isa = PBXNativeTarget;
			buildConfigurationList = DCFEA63420EED8CF00C1D660 /* Build configuration list for PBXNativeTarget "milkShakeTests" */;
			buildPhases = (
				DCFEA61920EED8CE00C1D660 /* Sources */,
				DCFEA61A20EED8CE00C1D660 /* Frameworks */,
				DCFEA61B20EED8CE00C1D660 /* Resources */,
			);
			buildRules = (
			);
			dependencies = (
				DCFEA61F20EED8CE00C1D660 /* PBXTargetDependency */,
			);
			name = milkShakeTests;
			productName = milkShakeTests;
			productReference = DCFEA61D20EED8CE00C1D660 /* milkShakeTests.xctest */;
			productType = "com.apple.product-type.bundle.unit-test";
		};
		DCFEA62720EED8CF00C1D660 /* milkShakeUITests */ = {
			isa = PBXNativeTarget;
			buildConfigurationList = DCFEA63720EED8CF00C1D660 /* Build configuration list for PBXNativeTarget "milkShakeUITests" */;
			buildPhases = (
				DCFEA62420EED8CF00C1D660 /* Sources */,
				DCFEA62520EED8CF00C1D660 /* Frameworks */,
				DCFEA62620EED8CF00C1D660 /* Resources */,
			);
			buildRules = (
			);
			dependencies = (
				DCFEA62A20EED8CF00C1D660 /* PBXTargetDependency */,
			);
			name = milkShakeUITests;
			productName = milkShakeUITests;
			productReference = DCFEA62820EED8CF00C1D660 /* milkShakeUITests.xctest */;
			productType = "com.apple.product-type.bundle.ui-testing";
		};
/* End PBXNativeTarget section */

/* Begin PBXProject section */
		DCFEA5FB20EED8CD00C1D660 /* Project object */ = {
			isa = PBXProject;
			attributes = {
				LastSwiftUpdateCheck = 0940;
				LastUpgradeCheck = 0940;
				ORGANIZATIONNAME = "Sruthi Suryadevara";
				TargetAttributes = {
					DCFEA60220EED8CD00C1D660 = {
						CreatedOnToolsVersion = 9.4.1;
					};
					DCFEA61C20EED8CE00C1D660 = {
						CreatedOnToolsVersion = 9.4.1;
						TestTargetID = DCFEA60220EED8CD00C1D660;
					};
					DCFEA62720EED8CF00C1D660 = {
						CreatedOnToolsVersion = 9.4.1;
						TestTargetID = DCFEA60220EED8CD00C1D660;
					};
				};
			};
			buildConfigurationList = DCFEA5FE20EED8CD00C1D660 /* Build configuration list for PBXProject "milkShake" */;
			compatibilityVersion = "Xcode 9.3";
			developmentRegion = en;
			hasScannedForEncodings = 0;
			knownRegions = (
				en,
				Base,
			);
			mainGroup = DCFEA5FA20EED8CD00C1D660;
			productRefGroup = DCFEA60420EED8CD00C1D660 /* Products */;
			projectDirPath = "";
			projectRoot = "";
			targets = (
				DCFEA60220EED8CD00C1D660 /* milkShake */,
				DCFEA61C20EED8CE00C1D660 /* milkShakeTests */,
				DCFEA62720EED8CF00C1D660 /* milkShakeUITests */,
			);
		};
/* End PBXProject section */

/* Begin PBXResourcesBuildPhase section */
		DCFEA60120EED8CD00C1D660 /* Resources */ = {
			isa = PBXResourcesBuildPhase;
			buildActionMask = 2147483647;
			files = (
				DCFEA61220EED8CD00C1D660 /* Main.storyboard in Resources */,
				DCFEA61420EED8CE00C1D660 /* Assets.xcassets in Resources */,
				DCFEA61720EED8CE00C1D660 /* LaunchScreen.storyboard in Resources */,
			);
			runOnlyForDeploymentPostprocessing = 0;
		};
		DCFEA61B20EED8CE00C1D660 /* Resources */ = {
			isa = PBXResourcesBuildPhase;
			buildActionMask = 2147483647;
			files = (
			);
			runOnlyForDeploymentPostprocessing = 0;
		};
		DCFEA62620EED8CF00C1D660 /* Resources */ = {
			isa = PBXResourcesBuildPhase;
			buildActionMask = 2147483647;
			files = (
			);
			runOnlyForDeploymentPostprocessing = 0;
		};
/* End PBXResourcesBuildPhase section */

/* Begin PBXSourcesBuildPhase section */
		DCFEA5FF20EED8CD00C1D660 /* Sources */ = {
			isa = PBXSourcesBuildPhase;
			buildActionMask = 2147483647;
			files = (
				DCFEA60D20EED8CD00C1D660 /* GameScene.swift in Sources */,
				DCFEA60F20EED8CD00C1D660 /* GameViewController.swift in Sources */,
				DCFEA60720EED8CD00C1D660 /* AppDelegate.swift in Sources */,
			);
			runOnlyForDeploymentPostprocessing = 0;
		};
		DCFEA61920EED8CE00C1D660 /* Sources */ = {
			isa = PBXSourcesBuildPhase;
			buildActionMask = 2147483647;
			files = (
				DCFEA62220EED8CE00C1D660 /* milkShakeTests.swift in Sources */,
			);
			runOnlyForDeploymentPostprocessing = 0;
		};
		DCFEA62420EED8CF00C1D660 /* Sources */ = {
			isa = PBXSourcesBuildPhase;
			buildActionMask = 2147483647;
			files = (
				DCFEA62D20EED8CF00C1D660 /* milkShakeUITests.swift in Sources */,
			);
			runOnlyForDeploymentPostprocessing = 0;
		};
/* End PBXSourcesBuildPhase section */

/* Begin PBXTargetDependency section */
		DCFEA61F20EED8CE00C1D660 /* PBXTargetDependency */ = {
			isa = PBXTargetDependency;
			target = DCFEA60220EED8CD00C1D660 /* milkShake */;
			targetProxy = DCFEA61E20EED8CE00C1D660 /* PBXContainerItemProxy */;
		};
		DCFEA62A20EED8CF00C1D660 /* PBXTargetDependency */ = {
			isa = PBXTargetDependency;
			target = DCFEA60220EED8CD00C1D660 /* milkShake */;
			targetProxy = DCFEA62920EED8CF00C1D660 /* PBXContainerItemProxy */;
		};
/* End PBXTargetDependency section */

/* Begin PBXVariantGroup section */
		DCFEA61020EED8CD00C1D660 /* Main.storyboard */ = {
			isa = PBXVariantGroup;
			children = (
				DCFEA61120EED8CD00C1D660 /* Base */,
			);
			name = Main.storyboard;
			sourceTree = "<group>";
		};
		DCFEA61520EED8CE00C1D660 /* LaunchScreen.storyboard */ = {
			isa = PBXVariantGroup;
			children = (
				DCFEA61620EED8CE00C1D660 /* Base */,
			);
			name = LaunchScreen.storyboard;
			sourceTree = "<group>";
		};
/* End PBXVariantGroup section */

/* Begin XCBuildConfiguration section */
		DCFEA62F20EED8CF00C1D660 /* Debug */ = {
			isa = XCBuildConfiguration;
			buildSettings = {
				ALWAYS_SEARCH_USER_PATHS = NO;
				CLANG_ANALYZER_NONNULL = YES;
				CLANG_ANALYZER_NUMBER_OBJECT_CONVERSION = YES_AGGRESSIVE;
				CLANG_CXX_LANGUAGE_STANDARD = "gnu++14";
				CLANG_CXX_LIBRARY = "libc++";
				CLANG_ENABLE_MODULES = YES;
				CLANG_ENABLE_OBJC_ARC = YES;
				CLANG_ENABLE_OBJC_WEAK = YES;
				CLANG_WARN_BLOCK_CAPTURE_AUTORELEASING = YES;
				CLANG_WARN_BOOL_CONVERSION = YES;
				CLANG_WARN_COMMA = YES;
				CLANG_WARN_CONSTANT_CONVERSION = YES;
				CLANG_WARN_DEPRECATED_OBJC_IMPLEMENTATIONS = YES;
				CLANG_WARN_DIRECT_OBJC_ISA_USAGE = YES_ERROR;
				CLANG_WARN_DOCUMENTATION_COMMENTS = YES;
				CLANG_WARN_EMPTY_BODY = YES;
				CLANG_WARN_ENUM_CONVERSION = YES;
				CLANG_WARN_INFINITE_RECURSION = YES;
				CLANG_WARN_INT_CONVERSION = YES;
				CLANG_WARN_NON_LITERAL_NULL_CONVERSION = YES;
				CLANG_WARN_OBJC_IMPLICIT_RETAIN_SELF = YES;
				CLANG_WARN_OBJC_LITERAL_CONVERSION = YES;
				CLANG_WARN_OBJC_ROOT_CLASS = YES_ERROR;
				CLANG_WARN_RANGE_LOOP_ANALYSIS = YES;
				CLANG_WARN_STRICT_PROTOTYPES = YES;
				CLANG_WARN_SUSPICIOUS_MOVE = YES;
				CLANG_WARN_UNGUARDED_AVAILABILITY = YES_AGGRESSIVE;
				CLANG_WARN_UNREACHABLE_CODE = YES;
				CLANG_WARN__DUPLICATE_METHOD_MATCH = YES;
				CODE_SIGN_IDENTITY = "iPhone Developer";
				COPY_PHASE_STRIP = NO;
				DEBUG_INFORMATION_FORMAT = dwarf;
				ENABLE_STRICT_OBJC_MSGSEND = YES;
				ENABLE_TESTABILITY = YES;
				GCC_C_LANGUAGE_STANDARD = gnu11;
				GCC_DYNAMIC_NO_PIC = NO;
				GCC_NO_COMMON_BLOCKS = YES;
				GCC_OPTIMIZATION_LEVEL = 0;
				GCC_PREPROCESSOR_DEFINITIONS = (
					"DEBUG=1",
					"$(inherited)",
				);
				GCC_WARN_64_TO_32_BIT_CONVERSION = YES;
				GCC_WARN_ABOUT_RETURN_TYPE = YES_ERROR;
				GCC_WARN_UNDECLARED_SELECTOR = YES;
				GCC_WARN_UNINITIALIZED_AUTOS = YES_AGGRESSIVE;
				GCC_WARN_UNUSED_FUNCTION = YES;
				GCC_WARN_UNUSED_VARIABLE = YES;
				IPHONEOS_DEPLOYMENT_TARGET = 11.4;
				MTL_ENABLE_DEBUG_INFO = YES;
				ONLY_ACTIVE_ARCH = YES;
				SDKROOT = iphoneos;
				SWIFT_ACTIVE_COMPILATION_CONDITIONS = DEBUG;
				SWIFT_OPTIMIZATION_LEVEL = "-Onone";
			};
			name = Debug;
		};
		DCFEA63020EED8CF00C1D660 /* Release */ = {
			isa = XCBuildConfiguration;
			buildSettings = {
				ALWAYS_SEARCH_USER_PATHS = NO;
				CLANG_ANALYZER_NONNULL = YES;
				CLANG_ANALYZER_NUMBER_OBJECT_CONVERSION = YES_AGGRESSIVE;
				CLANG_CXX_LANGUAGE_STANDARD = "gnu++14";
				CLANG_CXX_LIBRARY = "libc++";
				CLANG_ENABLE_MODULES = YES;
				CLANG_ENABLE_OBJC_ARC = YES;
				CLANG_ENABLE_OBJC_WEAK = YES;
				CLANG_WARN_BLOCK_CAPTURE_AUTORELEASING = YES;
				CLANG_WARN_BOOL_CONVERSION = YES;
				CLANG_WARN_COMMA = YES;
				CLANG_WARN_CONSTANT_CONVERSION = YES;
				CLANG_WARN_DEPRECATED_OBJC_IMPLEMENTATIONS = YES;
				CLANG_WARN_DIRECT_OBJC_ISA_USAGE = YES_ERROR;
				CLANG_WARN_DOCUMENTATION_COMMENTS = YES;
				CLANG_WARN_EMPTY_BODY = YES;
				CLANG_WARN_ENUM_CONVERSION = YES;
				CLANG_WARN_INFINITE_RECURSION = YES;
				CLANG_WARN_INT_CONVERSION = YES;
				CLANG_WARN_NON_LITERAL_NULL_CONVERSION = YES;
				CLANG_WARN_OBJC_IMPLICIT_RETAIN_SELF = YES;
				CLANG_WARN_OBJC_LITERAL_CONVERSION = YES;
				CLANG_WARN_OBJC_ROOT_CLASS = YES_ERROR;
				CLANG_WARN_RANGE_LOOP_ANALYSIS = YES;
				CLANG_WARN_STRICT_PROTOTYPES = YES;
				CLANG_WARN_SUSPICIOUS_MOVE = YES;
				CLANG_WARN_UNGUARDED_AVAILABILITY = YES_AGGRESSIVE;
				CLANG_WARN_UNREACHABLE_CODE = YES;
				CLANG_WARN__DUPLICATE_METHOD_MATCH = YES;
				CODE_SIGN_IDENTITY = "iPhone Developer";
				COPY_PHASE_STRIP = NO;
				DEBUG_INFORMATION_FORMAT = "dwarf-with-dsym";
				ENABLE_NS_ASSERTIONS = NO;
				ENABLE_STRICT_OBJC_MSGSEND = YES;
				GCC_C_LANGUAGE_STANDARD = gnu11;
				GCC_NO_COMMON_BLOCKS = YES;
				GCC_WARN_64_TO_32_BIT_CONVERSION = YES;
				GCC_WARN_ABOUT_RETURN_TYPE = YES_ERROR;
				GCC_WARN_UNDECLARED_SELECTOR = YES;
				GCC_WARN_UNINITIALIZED_AUTOS = YES_AGGRESSIVE;
				GCC_WARN_UNUSED_FUNCTION = YES;
				GCC_WARN_UNUSED_VARIABLE = YES;
				IPHONEOS_DEPLOYMENT_TARGET = 11.4;
				MTL_ENABLE_DEBUG_INFO = NO;
				SDKROOT = iphoneos;
				SWIFT_COMPILATION_MODE = wholemodule;
				SWIFT_OPTIMIZATION_LEVEL = "-O";
				VALIDATE_PRODUCT = YES;
			};
			name = Release;
		};
		DCFEA63220EED8CF00C1D660 /* Debug */ = {
			isa = XCBuildConfiguration;
			buildSettings = {
				ASSETCATALOG_COMPILER_APPICON_NAME = AppIcon;
				CODE_SIGN_STYLE = Automatic;
				INFOPLIST_FILE = milkShake/Info.plist;
				LD_RUNPATH_SEARCH_PATHS = (
					"$(inherited)",
					"@executable_path/Frameworks",
				);
				PRODUCT_BUNDLE_IDENTIFIER = com.codingdojo.milkShake;
				PRODUCT_NAME = "$(TARGET_NAME)";
				SWIFT_VERSION = 4.0;
				TARGETED_DEVICE_FAMILY = "1,2";
			};
			name = Debug;
		};
		DCFEA63320EED8CF00C1D660 /* Release */ = {
			isa = XCBuildConfiguration;
			buildSettings = {
				ASSETCATALOG_COMPILER_APPICON_NAME = AppIcon;
				CODE_SIGN_STYLE = Automatic;
				INFOPLIST_FILE = milkShake/Info.plist;
				LD_RUNPATH_SEARCH_PATHS = (
					"$(inherited)",
					"@executable_path/Frameworks",
				);
				PRODUCT_BUNDLE_IDENTIFIER = com.codingdojo.milkShake;
				PRODUCT_NAME = "$(TARGET_NAME)";
				SWIFT_VERSION = 4.0;
				TARGETED_DEVICE_FAMILY = "1,2";
			};
			name = Release;
		};
		DCFEA63520EED8CF00C1D660 /* Debug */ = {
			isa = XCBuildConfiguration;
			buildSettings = {
				ALWAYS_EMBED_SWIFT_STANDARD_LIBRARIES = YES;
				BUNDLE_LOADER = "$(TEST_HOST)";
				CODE_SIGN_STYLE = Automatic;
				INFOPLIST_FILE = milkShakeTests/Info.plist;
				LD_RUNPATH_SEARCH_PATHS = (
					"$(inherited)",
					"@executable_path/Frameworks",
					"@loader_path/Frameworks",
				);
				PRODUCT_BUNDLE_IDENTIFIER = com.codingdojo.milkShakeTests;
				PRODUCT_NAME = "$(TARGET_NAME)";
				SWIFT_VERSION = 4.0;
				TARGETED_DEVICE_FAMILY = "1,2";
				TEST_HOST = "$(BUILT_PRODUCTS_DIR)/milkShake.app/milkShake";
			};
			name = Debug;
		};
		DCFEA63620EED8CF00C1D660 /* Release */ = {
			isa = XCBuildConfiguration;
			buildSettings = {
				ALWAYS_EMBED_SWIFT_STANDARD_LIBRARIES = YES;
				BUNDLE_LOADER = "$(TEST_HOST)";
				CODE_SIGN_STYLE = Automatic;
				INFOPLIST_FILE = milkShakeTests/Info.plist;
				LD_RUNPATH_SEARCH_PATHS = (
					"$(inherited)",
					"@executable_path/Frameworks",
					"@loader_path/Frameworks",
				);
				PRODUCT_BUNDLE_IDENTIFIER = com.codingdojo.milkShakeTests;
				PRODUCT_NAME = "$(TARGET_NAME)";
				SWIFT_VERSION = 4.0;
				TARGETED_DEVICE_FAMILY = "1,2";
				TEST_HOST = "$(BUILT_PRODUCTS_DIR)/milkShake.app/milkShake";
			};
			name = Release;
		};
		DCFEA63820EED8CF00C1D660 /* Debug */ = {
			isa = XCBuildConfiguration;
			buildSettings = {
				ALWAYS_EMBED_SWIFT_STANDARD_LIBRARIES = YES;
				CODE_SIGN_STYLE = Automatic;
				INFOPLIST_FILE = milkShakeUITests/Info.plist;
				LD_RUNPATH_SEARCH_PATHS = (
					"$(inherited)",
					"@executable_path/Frameworks",
					"@loader_path/Frameworks",
				);
				PRODUCT_BUNDLE_IDENTIFIER = com.codingdojo.milkShakeUITests;
				PRODUCT_NAME = "$(TARGET_NAME)";
				SWIFT_VERSION = 4.0;
				TARGETED_DEVICE_FAMILY = "1,2";
				TEST_TARGET_NAME = milkShake;
			};
			name = Debug;
		};
		DCFEA63920EED8CF00C1D660 /* Release */ = {
			isa = XCBuildConfiguration;
			buildSettings = {
				ALWAYS_EMBED_SWIFT_STANDARD_LIBRARIES = YES;
				CODE_SIGN_STYLE = Automatic;
				INFOPLIST_FILE = milkShakeUITests/Info.plist;
				LD_RUNPATH_SEARCH_PATHS = (
					"$(inherited)",
					"@executable_path/Frameworks",
					"@loader_path/Frameworks",
				);
				PRODUCT_BUNDLE_IDENTIFIER = com.codingdojo.milkShakeUITests;
				PRODUCT_NAME = "$(TARGET_NAME)";
				SWIFT_VERSION = 4.0;
				TARGETED_DEVICE_FAMILY = "1,2";
				TEST_TARGET_NAME = milkShake;
			};
			name = Release;
		};
/* End XCBuildConfiguration section */

/* Begin XCConfigurationList section */
		DCFEA5FE20EED8CD00C1D660 /* Build configuration list for PBXProject "milkShake" */ = {
			isa = XCConfigurationList;
			buildConfigurations = (
				DCFEA62F20EED8CF00C1D660 /* Debug */,
				DCFEA63020EED8CF00C1D660 /* Release */,
			);
			defaultConfigurationIsVisible = 0;
			defaultConfigurationName = Release;
		};
		DCFEA63120EED8CF00C1D660 /* Build configuration list for PBXNativeTarget "milkShake" */ = {
			isa = XCConfigurationList;
			buildConfigurations = (
				DCFEA63220EED8CF00C1D660 /* Debug */,
				DCFEA63320EED8CF00C1D660 /* Release */,
			);
			defaultConfigurationIsVisible = 0;
			defaultConfigurationName = Release;
		};
		DCFEA63420EED8CF00C1D660 /* Build configuration list for PBXNativeTarget "milkShakeTests" */ = {
			isa = XCConfigurationList;
			buildConfigurations = (
				DCFEA63520EED8CF00C1D660 /* Debug */,
				DCFEA63620EED8CF00C1D660 /* Release */,
			);
			defaultConfigurationIsVisible = 0;
			defaultConfigurationName = Release;
		};
		DCFEA63720EED8CF00C1D660 /* Build configuration list for PBXNativeTarget "milkShakeUITests" */ = {
			isa = XCConfigurationList;
			buildConfigurations = (
				DCFEA63820EED8CF00C1D660 /* Debug */,
				DCFEA63920EED8CF00C1D660 /* Release */,
			);
			defaultConfigurationIsVisible = 0;
			defaultConfigurationName = Release;
		};
/* End XCConfigurationList section */
	};
	rootObject = DCFEA5FB20EED8CD00C1D660 /* Project object */;
}
