// !$*UTF8*$!
{
	archiveVersion = 1;
	classes = {
	};
	objectVersion = 50;
	objects = {

/* Begin PBXBuildFile section */
		DCAEFF6620EC630F00D7AAB6 /* AppDelegate.swift in Sources */ = {isa = PBXBuildFile; fileRef = DCAEFF6520EC630F00D7AAB6 /* AppDelegate.swift */; };
		DCAEFF6820EC630F00D7AAB6 /* ViewController.swift in Sources */ = {isa = PBXBuildFile; fileRef = DCAEFF6720EC630F00D7AAB6 /* ViewController.swift */; };
		DCAEFF6B20EC630F00D7AAB6 /* Main.storyboard in Resources */ = {isa = PBXBuildFile; fileRef = DCAEFF6920EC630F00D7AAB6 /* Main.storyboard */; };
		DCAEFF6D20EC630F00D7AAB6 /* Assets.xcassets in Resources */ = {isa = PBXBuildFile; fileRef = DCAEFF6C20EC630F00D7AAB6 /* Assets.xcassets */; };
		DCAEFF7020EC630F00D7AAB6 /* LaunchScreen.storyboard in Resources */ = {isa = PBXBuildFile; fileRef = DCAEFF6E20EC630F00D7AAB6 /* LaunchScreen.storyboard */; };
		DCAEFF7B20EC631000D7AAB6 /* TTTTests.swift in Sources */ = {isa = PBXBuildFile; fileRef = DCAEFF7A20EC631000D7AAB6 /* TTTTests.swift */; };
		DCAEFF8620EC631000D7AAB6 /* TTTUITests.swift in Sources */ = {isa = PBXBuildFile; fileRef = DCAEFF8520EC631000D7AAB6 /* TTTUITests.swift */; };
/* End PBXBuildFile section */

/* Begin PBXContainerItemProxy section */
		DCAEFF7720EC631000D7AAB6 /* PBXContainerItemProxy */ = {
			isa = PBXContainerItemProxy;
			containerPortal = DCAEFF5A20EC630E00D7AAB6 /* Project object */;
			proxyType = 1;
			remoteGlobalIDString = DCAEFF6120EC630E00D7AAB6;
			remoteInfo = TTT;
		};
		DCAEFF8220EC631000D7AAB6 /* PBXContainerItemProxy */ = {
			isa = PBXContainerItemProxy;
			containerPortal = DCAEFF5A20EC630E00D7AAB6 /* Project object */;
			proxyType = 1;
			remoteGlobalIDString = DCAEFF6120EC630E00D7AAB6;
			remoteInfo = TTT;
		};
/* End PBXContainerItemProxy section */

/* Begin PBXFileReference section */
		DCAEFF6220EC630F00D7AAB6 /* TTT.app */ = {isa = PBXFileReference; explicitFileType = wrapper.application; includeInIndex = 0; path = TTT.app; sourceTree = BUILT_PRODUCTS_DIR; };
		DCAEFF6520EC630F00D7AAB6 /* AppDelegate.swift */ = {isa = PBXFileReference; lastKnownFileType = sourcecode.swift; path = AppDelegate.swift; sourceTree = "<group>"; };
		DCAEFF6720EC630F00D7AAB6 /* ViewController.swift */ = {isa = PBXFileReference; lastKnownFileType = sourcecode.swift; path = ViewController.swift; sourceTree = "<group>"; };
		DCAEFF6A20EC630F00D7AAB6 /* Base */ = {isa = PBXFileReference; lastKnownFileType = file.storyboard; name = Base; path = Base.lproj/Main.storyboard; sourceTree = "<group>"; };
		DCAEFF6C20EC630F00D7AAB6 /* Assets.xcassets */ = {isa = PBXFileReference; lastKnownFileType = folder.assetcatalog; path = Assets.xcassets; sourceTree = "<group>"; };
		DCAEFF6F20EC630F00D7AAB6 /* Base */ = {isa = PBXFileReference; lastKnownFileType = file.storyboard; name = Base; path = Base.lproj/LaunchScreen.storyboard; sourceTree = "<group>"; };
		DCAEFF7120EC630F00D7AAB6 /* Info.plist */ = {isa = PBXFileReference; lastKnownFileType = text.plist.xml; path = Info.plist; sourceTree = "<group>"; };
		DCAEFF7620EC631000D7AAB6 /* TTTTests.xctest */ = {isa = PBXFileReference; explicitFileType = wrapper.cfbundle; includeInIndex = 0; path = TTTTests.xctest; sourceTree = BUILT_PRODUCTS_DIR; };
		DCAEFF7A20EC631000D7AAB6 /* TTTTests.swift */ = {isa = PBXFileReference; lastKnownFileType = sourcecode.swift; path = TTTTests.swift; sourceTree = "<group>"; };
		DCAEFF7C20EC631000D7AAB6 /* Info.plist */ = {isa = PBXFileReference; lastKnownFileType = text.plist.xml; path = Info.plist; sourceTree = "<group>"; };
		DCAEFF8120EC631000D7AAB6 /* TTTUITests.xctest */ = {isa = PBXFileReference; explicitFileType = wrapper.cfbundle; includeInIndex = 0; path = TTTUITests.xctest; sourceTree = BUILT_PRODUCTS_DIR; };
		DCAEFF8520EC631000D7AAB6 /* TTTUITests.swift */ = {isa = PBXFileReference; lastKnownFileType = sourcecode.swift; path = TTTUITests.swift; sourceTree = "<group>"; };
		DCAEFF8720EC631000D7AAB6 /* Info.plist */ = {isa = PBXFileReference; lastKnownFileType = text.plist.xml; path = Info.plist; sourceTree = "<group>"; };
/* End PBXFileReference section */

/* Begin PBXFrameworksBuildPhase section */
		DCAEFF5F20EC630E00D7AAB6 /* Frameworks */ = {
			isa = PBXFrameworksBuildPhase;
			buildActionMask = 2147483647;
			files = (
			);
			runOnlyForDeploymentPostprocessing = 0;
		};
		DCAEFF7320EC631000D7AAB6 /* Frameworks */ = {
			isa = PBXFrameworksBuildPhase;
			buildActionMask = 2147483647;
			files = (
			);
			runOnlyForDeploymentPostprocessing = 0;
		};
		DCAEFF7E20EC631000D7AAB6 /* Frameworks */ = {
			isa = PBXFrameworksBuildPhase;
			buildActionMask = 2147483647;
			files = (
			);
			runOnlyForDeploymentPostprocessing = 0;
		};
/* End PBXFrameworksBuildPhase section */

/* Begin PBXGroup section */
		DCAEFF5920EC630E00D7AAB6 = {
			isa = PBXGroup;
			children = (
				DCAEFF6420EC630F00D7AAB6 /* TTT */,
				DCAEFF7920EC631000D7AAB6 /* TTTTests */,
				DCAEFF8420EC631000D7AAB6 /* TTTUITests */,
				DCAEFF6320EC630F00D7AAB6 /* Products */,
			);
			sourceTree = "<group>";
		};
		DCAEFF6320EC630F00D7AAB6 /* Products */ = {
			isa = PBXGroup;
			children = (
				DCAEFF6220EC630F00D7AAB6 /* TTT.app */,
				DCAEFF7620EC631000D7AAB6 /* TTTTests.xctest */,
				DCAEFF8120EC631000D7AAB6 /* TTTUITests.xctest */,
			);
			name = Products;
			sourceTree = "<group>";
		};
		DCAEFF6420EC630F00D7AAB6 /* TTT */ = {
			isa = PBXGroup;
			children = (
				DCAEFF6520EC630F00D7AAB6 /* AppDelegate.swift */,
				DCAEFF6720EC630F00D7AAB6 /* ViewController.swift */,
				DCAEFF6920EC630F00D7AAB6 /* Main.storyboard */,
				DCAEFF6C20EC630F00D7AAB6 /* Assets.xcassets */,
				DCAEFF6E20EC630F00D7AAB6 /* LaunchScreen.storyboard */,
				DCAEFF7120EC630F00D7AAB6 /* Info.plist */,
			);
			path = TTT;
			sourceTree = "<group>";
		};
		DCAEFF7920EC631000D7AAB6 /* TTTTests */ = {
			isa = PBXGroup;
			children = (
				DCAEFF7A20EC631000D7AAB6 /* TTTTests.swift */,
				DCAEFF7C20EC631000D7AAB6 /* Info.plist */,
			);
			path = TTTTests;
			sourceTree = "<group>";
		};
		DCAEFF8420EC631000D7AAB6 /* TTTUITests */ = {
			isa = PBXGroup;
			children = (
				DCAEFF8520EC631000D7AAB6 /* TTTUITests.swift */,
				DCAEFF8720EC631000D7AAB6 /* Info.plist */,
			);
			path = TTTUITests;
			sourceTree = "<group>";
		};
/* End PBXGroup section */

/* Begin PBXNativeTarget section */
		DCAEFF6120EC630E00D7AAB6 /* TTT */ = {
			isa = PBXNativeTarget;
			buildConfigurationList = DCAEFF8A20EC631000D7AAB6 /* Build configuration list for PBXNativeTarget "TTT" */;
			buildPhases = (
				DCAEFF5E20EC630E00D7AAB6 /* Sources */,
				DCAEFF5F20EC630E00D7AAB6 /* Frameworks */,
				DCAEFF6020EC630E00D7AAB6 /* Resources */,
			);
			buildRules = (
			);
			dependencies = (
			);
			name = TTT;
			productName = TTT;
			productReference = DCAEFF6220EC630F00D7AAB6 /* TTT.app */;
			productType = "com.apple.product-type.application";
		};
		DCAEFF7520EC631000D7AAB6 /* TTTTests */ = {
			isa = PBXNativeTarget;
			buildConfigurationList = DCAEFF8D20EC631000D7AAB6 /* Build configuration list for PBXNativeTarget "TTTTests" */;
			buildPhases = (
				DCAEFF7220EC631000D7AAB6 /* Sources */,
				DCAEFF7320EC631000D7AAB6 /* Frameworks */,
				DCAEFF7420EC631000D7AAB6 /* Resources */,
			);
			buildRules = (
			);
			dependencies = (
				DCAEFF7820EC631000D7AAB6 /* PBXTargetDependency */,
			);
			name = TTTTests;
			productName = TTTTests;
			productReference = DCAEFF7620EC631000D7AAB6 /* TTTTests.xctest */;
			productType = "com.apple.product-type.bundle.unit-test";
		};
		DCAEFF8020EC631000D7AAB6 /* TTTUITests */ = {
			isa = PBXNativeTarget;
			buildConfigurationList = DCAEFF9020EC631000D7AAB6 /* Build configuration list for PBXNativeTarget "TTTUITests" */;
			buildPhases = (
				DCAEFF7D20EC631000D7AAB6 /* Sources */,
				DCAEFF7E20EC631000D7AAB6 /* Frameworks */,
				DCAEFF7F20EC631000D7AAB6 /* Resources */,
			);
			buildRules = (
			);
			dependencies = (
				DCAEFF8320EC631000D7AAB6 /* PBXTargetDependency */,
			);
			name = TTTUITests;
			productName = TTTUITests;
			productReference = DCAEFF8120EC631000D7AAB6 /* TTTUITests.xctest */;
			productType = "com.apple.product-type.bundle.ui-testing";
		};
/* End PBXNativeTarget section */

/* Begin PBXProject section */
		DCAEFF5A20EC630E00D7AAB6 /* Project object */ = {
			isa = PBXProject;
			attributes = {
				LastSwiftUpdateCheck = 0940;
				LastUpgradeCheck = 0940;
				ORGANIZATIONNAME = "Sruthi Suryadevara";
				TargetAttributes = {
					DCAEFF6120EC630E00D7AAB6 = {
						CreatedOnToolsVersion = 9.4.1;
					};
					DCAEFF7520EC631000D7AAB6 = {
						CreatedOnToolsVersion = 9.4.1;
						TestTargetID = DCAEFF6120EC630E00D7AAB6;
					};
					DCAEFF8020EC631000D7AAB6 = {
						CreatedOnToolsVersion = 9.4.1;
						TestTargetID = DCAEFF6120EC630E00D7AAB6;
					};
				};
			};
			buildConfigurationList = DCAEFF5D20EC630E00D7AAB6 /* Build configuration list for PBXProject "TTT" */;
			compatibilityVersion = "Xcode 9.3";
			developmentRegion = en;
			hasScannedForEncodings = 0;
			knownRegions = (
				en,
				Base,
			);
			mainGroup = DCAEFF5920EC630E00D7AAB6;
			productRefGroup = DCAEFF6320EC630F00D7AAB6 /* Products */;
			projectDirPath = "";
			projectRoot = "";
			targets = (
				DCAEFF6120EC630E00D7AAB6 /* TTT */,
				DCAEFF7520EC631000D7AAB6 /* TTTTests */,
				DCAEFF8020EC631000D7AAB6 /* TTTUITests */,
			);
		};
/* End PBXProject section */

/* Begin PBXResourcesBuildPhase section */
		DCAEFF6020EC630E00D7AAB6 /* Resources */ = {
			isa = PBXResourcesBuildPhase;
			buildActionMask = 2147483647;
			files = (
				DCAEFF7020EC630F00D7AAB6 /* LaunchScreen.storyboard in Resources */,
				DCAEFF6D20EC630F00D7AAB6 /* Assets.xcassets in Resources */,
				DCAEFF6B20EC630F00D7AAB6 /* Main.storyboard in Resources */,
			);
			runOnlyForDeploymentPostprocessing = 0;
		};
		DCAEFF7420EC631000D7AAB6 /* Resources */ = {
			isa = PBXResourcesBuildPhase;
			buildActionMask = 2147483647;
			files = (
			);
			runOnlyForDeploymentPostprocessing = 0;
		};
		DCAEFF7F20EC631000D7AAB6 /* Resources */ = {
			isa = PBXResourcesBuildPhase;
			buildActionMask = 2147483647;
			files = (
			);
			runOnlyForDeploymentPostprocessing = 0;
		};
/* End PBXResourcesBuildPhase section */

/* Begin PBXSourcesBuildPhase section */
		DCAEFF5E20EC630E00D7AAB6 /* Sources */ = {
			isa = PBXSourcesBuildPhase;
			buildActionMask = 2147483647;
			files = (
				DCAEFF6820EC630F00D7AAB6 /* ViewController.swift in Sources */,
				DCAEFF6620EC630F00D7AAB6 /* AppDelegate.swift in Sources */,
			);
			runOnlyForDeploymentPostprocessing = 0;
		};
		DCAEFF7220EC631000D7AAB6 /* Sources */ = {
			isa = PBXSourcesBuildPhase;
			buildActionMask = 2147483647;
			files = (
				DCAEFF7B20EC631000D7AAB6 /* TTTTests.swift in Sources */,
			);
			runOnlyForDeploymentPostprocessing = 0;
		};
		DCAEFF7D20EC631000D7AAB6 /* Sources */ = {
			isa = PBXSourcesBuildPhase;
			buildActionMask = 2147483647;
			files = (
				DCAEFF8620EC631000D7AAB6 /* TTTUITests.swift in Sources */,
			);
			runOnlyForDeploymentPostprocessing = 0;
		};
/* End PBXSourcesBuildPhase section */

/* Begin PBXTargetDependency section */
		DCAEFF7820EC631000D7AAB6 /* PBXTargetDependency */ = {
			isa = PBXTargetDependency;
			target = DCAEFF6120EC630E00D7AAB6 /* TTT */;
			targetProxy = DCAEFF7720EC631000D7AAB6 /* PBXContainerItemProxy */;
		};
		DCAEFF8320EC631000D7AAB6 /* PBXTargetDependency */ = {
			isa = PBXTargetDependency;
			target = DCAEFF6120EC630E00D7AAB6 /* TTT */;
			targetProxy = DCAEFF8220EC631000D7AAB6 /* PBXContainerItemProxy */;
		};
/* End PBXTargetDependency section */

/* Begin PBXVariantGroup section */
		DCAEFF6920EC630F00D7AAB6 /* Main.storyboard */ = {
			isa = PBXVariantGroup;
			children = (
				DCAEFF6A20EC630F00D7AAB6 /* Base */,
			);
			name = Main.storyboard;
			sourceTree = "<group>";
		};
		DCAEFF6E20EC630F00D7AAB6 /* LaunchScreen.storyboard */ = {
			isa = PBXVariantGroup;
			children = (
				DCAEFF6F20EC630F00D7AAB6 /* Base */,
			);
			name = LaunchScreen.storyboard;
			sourceTree = "<group>";
		};
/* End PBXVariantGroup section */

/* Begin XCBuildConfiguration section */
		DCAEFF8820EC631000D7AAB6 /* Debug */ = {
			isa = XCBuildConfiguration;
			buildSettings = {
				ALWAYS_SEARCH_USER_PATHS = NO;
				CLANG_ANALYZER_NONNULL = YES;
				CLANG_ANALYZER_NUMBER_OBJECT_CONVERSION = YES_AGGRESSIVE;
				CLANG_CXX_LANGUAGE_STANDARD = "gnu++14";
				CLANG_CXX_LIBRARY = "libc++";
				CLANG_ENABLE_MODULES = YES;
				CLANG_ENABLE_OBJC_ARC = YES;
				CLANG_ENABLE_OBJC_WEAK = YES;
				CLANG_WARN_BLOCK_CAPTURE_AUTORELEASING = YES;
				CLANG_WARN_BOOL_CONVERSION = YES;
				CLANG_WARN_COMMA = YES;
				CLANG_WARN_CONSTANT_CONVERSION = YES;
				CLANG_WARN_DEPRECATED_OBJC_IMPLEMENTATIONS = YES;
				CLANG_WARN_DIRECT_OBJC_ISA_USAGE = YES_ERROR;
				CLANG_WARN_DOCUMENTATION_COMMENTS = YES;
				CLANG_WARN_EMPTY_BODY = YES;
				CLANG_WARN_ENUM_CONVERSION = YES;
				CLANG_WARN_INFINITE_RECURSION = YES;
				CLANG_WARN_INT_CONVERSION = YES;
				CLANG_WARN_NON_LITERAL_NULL_CONVERSION = YES;
				CLANG_WARN_OBJC_IMPLICIT_RETAIN_SELF = YES;
				CLANG_WARN_OBJC_LITERAL_CONVERSION = YES;
				CLANG_WARN_OBJC_ROOT_CLASS = YES_ERROR;
				CLANG_WARN_RANGE_LOOP_ANALYSIS = YES;
				CLANG_WARN_STRICT_PROTOTYPES = YES;
				CLANG_WARN_SUSPICIOUS_MOVE = YES;
				CLANG_WARN_UNGUARDED_AVAILABILITY = YES_AGGRESSIVE;
				CLANG_WARN_UNREACHABLE_CODE = YES;
				CLANG_WARN__DUPLICATE_METHOD_MATCH = YES;
				CODE_SIGN_IDENTITY = "iPhone Developer";
				COPY_PHASE_STRIP = NO;
				DEBUG_INFORMATION_FORMAT = dwarf;
				ENABLE_STRICT_OBJC_MSGSEND = YES;
				ENABLE_TESTABILITY = YES;
				GCC_C_LANGUAGE_STANDARD = gnu11;
				GCC_DYNAMIC_NO_PIC = NO;
				GCC_NO_COMMON_BLOCKS = YES;
				GCC_OPTIMIZATION_LEVEL = 0;
				GCC_PREPROCESSOR_DEFINITIONS = (
					"DEBUG=1",
					"$(inherited)",
				);
				GCC_WARN_64_TO_32_BIT_CONVERSION = YES;
				GCC_WARN_ABOUT_RETURN_TYPE = YES_ERROR;
				GCC_WARN_UNDECLARED_SELECTOR = YES;
				GCC_WARN_UNINITIALIZED_AUTOS = YES_AGGRESSIVE;
				GCC_WARN_UNUSED_FUNCTION = YES;
				GCC_WARN_UNUSED_VARIABLE = YES;
				IPHONEOS_DEPLOYMENT_TARGET = 11.4;
				MTL_ENABLE_DEBUG_INFO = YES;
				ONLY_ACTIVE_ARCH = YES;
				SDKROOT = iphoneos;
				SWIFT_ACTIVE_COMPILATION_CONDITIONS = DEBUG;
				SWIFT_OPTIMIZATION_LEVEL = "-Onone";
			};
			name = Debug;
		};
		DCAEFF8920EC631000D7AAB6 /* Release */ = {
			isa = XCBuildConfiguration;
			buildSettings = {
				ALWAYS_SEARCH_USER_PATHS = NO;
				CLANG_ANALYZER_NONNULL = YES;
				CLANG_ANALYZER_NUMBER_OBJECT_CONVERSION = YES_AGGRESSIVE;
				CLANG_CXX_LANGUAGE_STANDARD = "gnu++14";
				CLANG_CXX_LIBRARY = "libc++";
				CLANG_ENABLE_MODULES = YES;
				CLANG_ENABLE_OBJC_ARC = YES;
				CLANG_ENABLE_OBJC_WEAK = YES;
				CLANG_WARN_BLOCK_CAPTURE_AUTORELEASING = YES;
				CLANG_WARN_BOOL_CONVERSION = YES;
				CLANG_WARN_COMMA = YES;
				CLANG_WARN_CONSTANT_CONVERSION = YES;
				CLANG_WARN_DEPRECATED_OBJC_IMPLEMENTATIONS = YES;
				CLANG_WARN_DIRECT_OBJC_ISA_USAGE = YES_ERROR;
				CLANG_WARN_DOCUMENTATION_COMMENTS = YES;
				CLANG_WARN_EMPTY_BODY = YES;
				CLANG_WARN_ENUM_CONVERSION = YES;
				CLANG_WARN_INFINITE_RECURSION = YES;
				CLANG_WARN_INT_CONVERSION = YES;
				CLANG_WARN_NON_LITERAL_NULL_CONVERSION = YES;
				CLANG_WARN_OBJC_IMPLICIT_RETAIN_SELF = YES;
				CLANG_WARN_OBJC_LITERAL_CONVERSION = YES;
				CLANG_WARN_OBJC_ROOT_CLASS = YES_ERROR;
				CLANG_WARN_RANGE_LOOP_ANALYSIS = YES;
				CLANG_WARN_STRICT_PROTOTYPES = YES;
				CLANG_WARN_SUSPICIOUS_MOVE = YES;
				CLANG_WARN_UNGUARDED_AVAILABILITY = YES_AGGRESSIVE;
				CLANG_WARN_UNREACHABLE_CODE = YES;
				CLANG_WARN__DUPLICATE_METHOD_MATCH = YES;
				CODE_SIGN_IDENTITY = "iPhone Developer";
				COPY_PHASE_STRIP = NO;
				DEBUG_INFORMATION_FORMAT = "dwarf-with-dsym";
				ENABLE_NS_ASSERTIONS = NO;
				ENABLE_STRICT_OBJC_MSGSEND = YES;
				GCC_C_LANGUAGE_STANDARD = gnu11;
				GCC_NO_COMMON_BLOCKS = YES;
				GCC_WARN_64_TO_32_BIT_CONVERSION = YES;
				GCC_WARN_ABOUT_RETURN_TYPE = YES_ERROR;
				GCC_WARN_UNDECLARED_SELECTOR = YES;
				GCC_WARN_UNINITIALIZED_AUTOS = YES_AGGRESSIVE;
				GCC_WARN_UNUSED_FUNCTION = YES;
				GCC_WARN_UNUSED_VARIABLE = YES;
				IPHONEOS_DEPLOYMENT_TARGET = 11.4;
				MTL_ENABLE_DEBUG_INFO = NO;
				SDKROOT = iphoneos;
				SWIFT_COMPILATION_MODE = wholemodule;
				SWIFT_OPTIMIZATION_LEVEL = "-O";
				VALIDATE_PRODUCT = YES;
			};
			name = Release;
		};
		DCAEFF8B20EC631000D7AAB6 /* Debug */ = {
			isa = XCBuildConfiguration;
			buildSettings = {
				ASSETCATALOG_COMPILER_APPICON_NAME = AppIcon;
				CODE_SIGN_STYLE = Automatic;
				INFOPLIST_FILE = TTT/Info.plist;
				LD_RUNPATH_SEARCH_PATHS = (
					"$(inherited)",
					"@executable_path/Frameworks",
				);
				PRODUCT_BUNDLE_IDENTIFIER = com.codingdojo.TTT;
				PRODUCT_NAME = "$(TARGET_NAME)";
				SWIFT_VERSION = 4.0;
				TARGETED_DEVICE_FAMILY = "1,2";
			};
			name = Debug;
		};
		DCAEFF8C20EC631000D7AAB6 /* Release */ = {
			isa = XCBuildConfiguration;
			buildSettings = {
				ASSETCATALOG_COMPILER_APPICON_NAME = AppIcon;
				CODE_SIGN_STYLE = Automatic;
				INFOPLIST_FILE = TTT/Info.plist;
				LD_RUNPATH_SEARCH_PATHS = (
					"$(inherited)",
					"@executable_path/Frameworks",
				);
				PRODUCT_BUNDLE_IDENTIFIER = com.codingdojo.TTT;
				PRODUCT_NAME = "$(TARGET_NAME)";
				SWIFT_VERSION = 4.0;
				TARGETED_DEVICE_FAMILY = "1,2";
			};
			name = Release;
		};
		DCAEFF8E20EC631000D7AAB6 /* Debug */ = {
			isa = XCBuildConfiguration;
			buildSettings = {
				ALWAYS_EMBED_SWIFT_STANDARD_LIBRARIES = YES;
				BUNDLE_LOADER = "$(TEST_HOST)";
				CODE_SIGN_STYLE = Automatic;
				INFOPLIST_FILE = TTTTests/Info.plist;
				LD_RUNPATH_SEARCH_PATHS = (
					"$(inherited)",
					"@executable_path/Frameworks",
					"@loader_path/Frameworks",
				);
				PRODUCT_BUNDLE_IDENTIFIER = com.codingdojo.TTTTests;
				PRODUCT_NAME = "$(TARGET_NAME)";
				SWIFT_VERSION = 4.0;
				TARGETED_DEVICE_FAMILY = "1,2";
				TEST_HOST = "$(BUILT_PRODUCTS_DIR)/TTT.app/TTT";
			};
			name = Debug;
		};
		DCAEFF8F20EC631000D7AAB6 /* Release */ = {
			isa = XCBuildConfiguration;
			buildSettings = {
				ALWAYS_EMBED_SWIFT_STANDARD_LIBRARIES = YES;
				BUNDLE_LOADER = "$(TEST_HOST)";
				CODE_SIGN_STYLE = Automatic;
				INFOPLIST_FILE = TTTTests/Info.plist;
				LD_RUNPATH_SEARCH_PATHS = (
					"$(inherited)",
					"@executable_path/Frameworks",
					"@loader_path/Frameworks",
				);
				PRODUCT_BUNDLE_IDENTIFIER = com.codingdojo.TTTTests;
				PRODUCT_NAME = "$(TARGET_NAME)";
				SWIFT_VERSION = 4.0;
				TARGETED_DEVICE_FAMILY = "1,2";
				TEST_HOST = "$(BUILT_PRODUCTS_DIR)/TTT.app/TTT";
			};
			name = Release;
		};
		DCAEFF9120EC631000D7AAB6 /* Debug */ = {
			isa = XCBuildConfiguration;
			buildSettings = {
				ALWAYS_EMBED_SWIFT_STANDARD_LIBRARIES = YES;
				CODE_SIGN_STYLE = Automatic;
				INFOPLIST_FILE = TTTUITests/Info.plist;
				LD_RUNPATH_SEARCH_PATHS = (
					"$(inherited)",
					"@executable_path/Frameworks",
					"@loader_path/Frameworks",
				);
				PRODUCT_BUNDLE_IDENTIFIER = com.codingdojo.TTTUITests;
				PRODUCT_NAME = "$(TARGET_NAME)";
				SWIFT_VERSION = 4.0;
				TARGETED_DEVICE_FAMILY = "1,2";
				TEST_TARGET_NAME = TTT;
			};
			name = Debug;
		};
		DCAEFF9220EC631000D7AAB6 /* Release */ = {
			isa = XCBuildConfiguration;
			buildSettings = {
				ALWAYS_EMBED_SWIFT_STANDARD_LIBRARIES = YES;
				CODE_SIGN_STYLE = Automatic;
				INFOPLIST_FILE = TTTUITests/Info.plist;
				LD_RUNPATH_SEARCH_PATHS = (
					"$(inherited)",
					"@executable_path/Frameworks",
					"@loader_path/Frameworks",
				);
				PRODUCT_BUNDLE_IDENTIFIER = com.codingdojo.TTTUITests;
				PRODUCT_NAME = "$(TARGET_NAME)";
				SWIFT_VERSION = 4.0;
				TARGETED_DEVICE_FAMILY = "1,2";
				TEST_TARGET_NAME = TTT;
			};
			name = Release;
		};
/* End XCBuildConfiguration section */

/* Begin XCConfigurationList section */
		DCAEFF5D20EC630E00D7AAB6 /* Build configuration list for PBXProject "TTT" */ = {
			isa = XCConfigurationList;
			buildConfigurations = (
				DCAEFF8820EC631000D7AAB6 /* Debug */,
				DCAEFF8920EC631000D7AAB6 /* Release */,
			);
			defaultConfigurationIsVisible = 0;
			defaultConfigurationName = Release;
		};
		DCAEFF8A20EC631000D7AAB6 /* Build configuration list for PBXNativeTarget "TTT" */ = {
			isa = XCConfigurationList;
			buildConfigurations = (
				DCAEFF8B20EC631000D7AAB6 /* Debug */,
				DCAEFF8C20EC631000D7AAB6 /* Release */,
			);
			defaultConfigurationIsVisible = 0;
			defaultConfigurationName = Release;
		};
		DCAEFF8D20EC631000D7AAB6 /* Build configuration list for PBXNativeTarget "TTTTests" */ = {
			isa = XCConfigurationList;
			buildConfigurations = (
				DCAEFF8E20EC631000D7AAB6 /* Debug */,
				DCAEFF8F20EC631000D7AAB6 /* Release */,
			);
			defaultConfigurationIsVisible = 0;
			defaultConfigurationName = Release;
		};
		DCAEFF9020EC631000D7AAB6 /* Build configuration list for PBXNativeTarget "TTTUITests" */ = {
			isa = XCConfigurationList;
			buildConfigurations = (
				DCAEFF9120EC631000D7AAB6 /* Debug */,
				DCAEFF9220EC631000D7AAB6 /* Release */,
			);
			defaultConfigurationIsVisible = 0;
			defaultConfigurationName = Release;
		};
/* End XCConfigurationList section */
	};
	rootObject = DCAEFF5A20EC630E00D7AAB6 /* Project object */;
}
