// !$*UTF8*$!
{
	archiveVersion = 1;
	classes = {
	};
	objectVersion = 50;
	objects = {

/* Begin PBXBuildFile section */
		DC9E338E20EC3116005C0BB9 /* AppDelegate.swift in Sources */ = {isa = PBXBuildFile; fileRef = DC9E338D20EC3116005C0BB9 /* AppDelegate.swift */; };
		DC9E339020EC3116005C0BB9 /* ViewController.swift in Sources */ = {isa = PBXBuildFile; fileRef = DC9E338F20EC3116005C0BB9 /* ViewController.swift */; };
		DC9E339320EC3116005C0BB9 /* Main.storyboard in Resources */ = {isa = PBXBuildFile; fileRef = DC9E339120EC3116005C0BB9 /* Main.storyboard */; };
		DC9E339520EC3118005C0BB9 /* Assets.xcassets in Resources */ = {isa = PBXBuildFile; fileRef = DC9E339420EC3118005C0BB9 /* Assets.xcassets */; };
		DC9E339820EC3118005C0BB9 /* LaunchScreen.storyboard in Resources */ = {isa = PBXBuildFile; fileRef = DC9E339620EC3118005C0BB9 /* LaunchScreen.storyboard */; };
		DC9E33A320EC3118005C0BB9 /* IOSQuizTests.swift in Sources */ = {isa = PBXBuildFile; fileRef = DC9E33A220EC3118005C0BB9 /* IOSQuizTests.swift */; };
		DC9E33AE20EC3118005C0BB9 /* IOSQuizUITests.swift in Sources */ = {isa = PBXBuildFile; fileRef = DC9E33AD20EC3118005C0BB9 /* IOSQuizUITests.swift */; };
/* End PBXBuildFile section */

/* Begin PBXContainerItemProxy section */
		DC9E339F20EC3118005C0BB9 /* PBXContainerItemProxy */ = {
			isa = PBXContainerItemProxy;
			containerPortal = DC9E338220EC3116005C0BB9 /* Project object */;
			proxyType = 1;
			remoteGlobalIDString = DC9E338920EC3116005C0BB9;
			remoteInfo = IOSQuiz;
		};
		DC9E33AA20EC3118005C0BB9 /* PBXContainerItemProxy */ = {
			isa = PBXContainerItemProxy;
			containerPortal = DC9E338220EC3116005C0BB9 /* Project object */;
			proxyType = 1;
			remoteGlobalIDString = DC9E338920EC3116005C0BB9;
			remoteInfo = IOSQuiz;
		};
/* End PBXContainerItemProxy section */

/* Begin PBXFileReference section */
		DC9E338A20EC3116005C0BB9 /* IOSQuiz.app */ = {isa = PBXFileReference; explicitFileType = wrapper.application; includeInIndex = 0; path = IOSQuiz.app; sourceTree = BUILT_PRODUCTS_DIR; };
		DC9E338D20EC3116005C0BB9 /* AppDelegate.swift */ = {isa = PBXFileReference; lastKnownFileType = sourcecode.swift; path = AppDelegate.swift; sourceTree = "<group>"; };
		DC9E338F20EC3116005C0BB9 /* ViewController.swift */ = {isa = PBXFileReference; lastKnownFileType = sourcecode.swift; path = ViewController.swift; sourceTree = "<group>"; };
		DC9E339220EC3116005C0BB9 /* Base */ = {isa = PBXFileReference; lastKnownFileType = file.storyboard; name = Base; path = Base.lproj/Main.storyboard; sourceTree = "<group>"; };
		DC9E339420EC3118005C0BB9 /* Assets.xcassets */ = {isa = PBXFileReference; lastKnownFileType = folder.assetcatalog; path = Assets.xcassets; sourceTree = "<group>"; };
		DC9E339720EC3118005C0BB9 /* Base */ = {isa = PBXFileReference; lastKnownFileType = file.storyboard; name = Base; path = Base.lproj/LaunchScreen.storyboard; sourceTree = "<group>"; };
		DC9E339920EC3118005C0BB9 /* Info.plist */ = {isa = PBXFileReference; lastKnownFileType = text.plist.xml; path = Info.plist; sourceTree = "<group>"; };
		DC9E339E20EC3118005C0BB9 /* IOSQuizTests.xctest */ = {isa = PBXFileReference; explicitFileType = wrapper.cfbundle; includeInIndex = 0; path = IOSQuizTests.xctest; sourceTree = BUILT_PRODUCTS_DIR; };
		DC9E33A220EC3118005C0BB9 /* IOSQuizTests.swift */ = {isa = PBXFileReference; lastKnownFileType = sourcecode.swift; path = IOSQuizTests.swift; sourceTree = "<group>"; };
		DC9E33A420EC3118005C0BB9 /* Info.plist */ = {isa = PBXFileReference; lastKnownFileType = text.plist.xml; path = Info.plist; sourceTree = "<group>"; };
		DC9E33A920EC3118005C0BB9 /* IOSQuizUITests.xctest */ = {isa = PBXFileReference; explicitFileType = wrapper.cfbundle; includeInIndex = 0; path = IOSQuizUITests.xctest; sourceTree = BUILT_PRODUCTS_DIR; };
		DC9E33AD20EC3118005C0BB9 /* IOSQuizUITests.swift */ = {isa = PBXFileReference; lastKnownFileType = sourcecode.swift; path = IOSQuizUITests.swift; sourceTree = "<group>"; };
		DC9E33AF20EC3118005C0BB9 /* Info.plist */ = {isa = PBXFileReference; lastKnownFileType = text.plist.xml; path = Info.plist; sourceTree = "<group>"; };
/* End PBXFileReference section */

/* Begin PBXFrameworksBuildPhase section */
		DC9E338720EC3116005C0BB9 /* Frameworks */ = {
			isa = PBXFrameworksBuildPhase;
			buildActionMask = 2147483647;
			files = (
			);
			runOnlyForDeploymentPostprocessing = 0;
		};
		DC9E339B20EC3118005C0BB9 /* Frameworks */ = {
			isa = PBXFrameworksBuildPhase;
			buildActionMask = 2147483647;
			files = (
			);
			runOnlyForDeploymentPostprocessing = 0;
		};
		DC9E33A620EC3118005C0BB9 /* Frameworks */ = {
			isa = PBXFrameworksBuildPhase;
			buildActionMask = 2147483647;
			files = (
			);
			runOnlyForDeploymentPostprocessing = 0;
		};
/* End PBXFrameworksBuildPhase section */

/* Begin PBXGroup section */
		DC9E338120EC3116005C0BB9 = {
			isa = PBXGroup;
			children = (
				DC9E338C20EC3116005C0BB9 /* IOSQuiz */,
				DC9E33A120EC3118005C0BB9 /* IOSQuizTests */,
				DC9E33AC20EC3118005C0BB9 /* IOSQuizUITests */,
				DC9E338B20EC3116005C0BB9 /* Products */,
			);
			sourceTree = "<group>";
		};
		DC9E338B20EC3116005C0BB9 /* Products */ = {
			isa = PBXGroup;
			children = (
				DC9E338A20EC3116005C0BB9 /* IOSQuiz.app */,
				DC9E339E20EC3118005C0BB9 /* IOSQuizTests.xctest */,
				DC9E33A920EC3118005C0BB9 /* IOSQuizUITests.xctest */,
			);
			name = Products;
			sourceTree = "<group>";
		};
		DC9E338C20EC3116005C0BB9 /* IOSQuiz */ = {
			isa = PBXGroup;
			children = (
				DC9E338D20EC3116005C0BB9 /* AppDelegate.swift */,
				DC9E338F20EC3116005C0BB9 /* ViewController.swift */,
				DC9E339120EC3116005C0BB9 /* Main.storyboard */,
				DC9E339420EC3118005C0BB9 /* Assets.xcassets */,
				DC9E339620EC3118005C0BB9 /* LaunchScreen.storyboard */,
				DC9E339920EC3118005C0BB9 /* Info.plist */,
			);
			path = IOSQuiz;
			sourceTree = "<group>";
		};
		DC9E33A120EC3118005C0BB9 /* IOSQuizTests */ = {
			isa = PBXGroup;
			children = (
				DC9E33A220EC3118005C0BB9 /* IOSQuizTests.swift */,
				DC9E33A420EC3118005C0BB9 /* Info.plist */,
			);
			path = IOSQuizTests;
			sourceTree = "<group>";
		};
		DC9E33AC20EC3118005C0BB9 /* IOSQuizUITests */ = {
			isa = PBXGroup;
			children = (
				DC9E33AD20EC3118005C0BB9 /* IOSQuizUITests.swift */,
				DC9E33AF20EC3118005C0BB9 /* Info.plist */,
			);
			path = IOSQuizUITests;
			sourceTree = "<group>";
		};
/* End PBXGroup section */

/* Begin PBXNativeTarget section */
		DC9E338920EC3116005C0BB9 /* IOSQuiz */ = {
			isa = PBXNativeTarget;
			buildConfigurationList = DC9E33B220EC3118005C0BB9 /* Build configuration list for PBXNativeTarget "IOSQuiz" */;
			buildPhases = (
				DC9E338620EC3116005C0BB9 /* Sources */,
				DC9E338720EC3116005C0BB9 /* Frameworks */,
				DC9E338820EC3116005C0BB9 /* Resources */,
			);
			buildRules = (
			);
			dependencies = (
			);
			name = IOSQuiz;
			productName = IOSQuiz;
			productReference = DC9E338A20EC3116005C0BB9 /* IOSQuiz.app */;
			productType = "com.apple.product-type.application";
		};
		DC9E339D20EC3118005C0BB9 /* IOSQuizTests */ = {
			isa = PBXNativeTarget;
			buildConfigurationList = DC9E33B520EC3118005C0BB9 /* Build configuration list for PBXNativeTarget "IOSQuizTests" */;
			buildPhases = (
				DC9E339A20EC3118005C0BB9 /* Sources */,
				DC9E339B20EC3118005C0BB9 /* Frameworks */,
				DC9E339C20EC3118005C0BB9 /* Resources */,
			);
			buildRules = (
			);
			dependencies = (
				DC9E33A020EC3118005C0BB9 /* PBXTargetDependency */,
			);
			name = IOSQuizTests;
			productName = IOSQuizTests;
			productReference = DC9E339E20EC3118005C0BB9 /* IOSQuizTests.xctest */;
			productType = "com.apple.product-type.bundle.unit-test";
		};
		DC9E33A820EC3118005C0BB9 /* IOSQuizUITests */ = {
			isa = PBXNativeTarget;
			buildConfigurationList = DC9E33B820EC3118005C0BB9 /* Build configuration list for PBXNativeTarget "IOSQuizUITests" */;
			buildPhases = (
				DC9E33A520EC3118005C0BB9 /* Sources */,
				DC9E33A620EC3118005C0BB9 /* Frameworks */,
				DC9E33A720EC3118005C0BB9 /* Resources */,
			);
			buildRules = (
			);
			dependencies = (
				DC9E33AB20EC3118005C0BB9 /* PBXTargetDependency */,
			);
			name = IOSQuizUITests;
			productName = IOSQuizUITests;
			productReference = DC9E33A920EC3118005C0BB9 /* IOSQuizUITests.xctest */;
			productType = "com.apple.product-type.bundle.ui-testing";
		};
/* End PBXNativeTarget section */

/* Begin PBXProject section */
		DC9E338220EC3116005C0BB9 /* Project object */ = {
			isa = PBXProject;
			attributes = {
				LastSwiftUpdateCheck = 0940;
				LastUpgradeCheck = 0940;
				ORGANIZATIONNAME = "Sruthi Suryadevara";
				TargetAttributes = {
					DC9E338920EC3116005C0BB9 = {
						CreatedOnToolsVersion = 9.4.1;
					};
					DC9E339D20EC3118005C0BB9 = {
						CreatedOnToolsVersion = 9.4.1;
						TestTargetID = DC9E338920EC3116005C0BB9;
					};
					DC9E33A820EC3118005C0BB9 = {
						CreatedOnToolsVersion = 9.4.1;
						TestTargetID = DC9E338920EC3116005C0BB9;
					};
				};
			};
			buildConfigurationList = DC9E338520EC3116005C0BB9 /* Build configuration list for PBXProject "IOSQuiz" */;
			compatibilityVersion = "Xcode 9.3";
			developmentRegion = en;
			hasScannedForEncodings = 0;
			knownRegions = (
				en,
				Base,
			);
			mainGroup = DC9E338120EC3116005C0BB9;
			productRefGroup = DC9E338B20EC3116005C0BB9 /* Products */;
			projectDirPath = "";
			projectRoot = "";
			targets = (
				DC9E338920EC3116005C0BB9 /* IOSQuiz */,
				DC9E339D20EC3118005C0BB9 /* IOSQuizTests */,
				DC9E33A820EC3118005C0BB9 /* IOSQuizUITests */,
			);
		};
/* End PBXProject section */

/* Begin PBXResourcesBuildPhase section */
		DC9E338820EC3116005C0BB9 /* Resources */ = {
			isa = PBXResourcesBuildPhase;
			buildActionMask = 2147483647;
			files = (
				DC9E339820EC3118005C0BB9 /* LaunchScreen.storyboard in Resources */,
				DC9E339520EC3118005C0BB9 /* Assets.xcassets in Resources */,
				DC9E339320EC3116005C0BB9 /* Main.storyboard in Resources */,
			);
			runOnlyForDeploymentPostprocessing = 0;
		};
		DC9E339C20EC3118005C0BB9 /* Resources */ = {
			isa = PBXResourcesBuildPhase;
			buildActionMask = 2147483647;
			files = (
			);
			runOnlyForDeploymentPostprocessing = 0;
		};
		DC9E33A720EC3118005C0BB9 /* Resources */ = {
			isa = PBXResourcesBuildPhase;
			buildActionMask = 2147483647;
			files = (
			);
			runOnlyForDeploymentPostprocessing = 0;
		};
/* End PBXResourcesBuildPhase section */

/* Begin PBXSourcesBuildPhase section */
		DC9E338620EC3116005C0BB9 /* Sources */ = {
			isa = PBXSourcesBuildPhase;
			buildActionMask = 2147483647;
			files = (
				DC9E339020EC3116005C0BB9 /* ViewController.swift in Sources */,
				DC9E338E20EC3116005C0BB9 /* AppDelegate.swift in Sources */,
			);
			runOnlyForDeploymentPostprocessing = 0;
		};
		DC9E339A20EC3118005C0BB9 /* Sources */ = {
			isa = PBXSourcesBuildPhase;
			buildActionMask = 2147483647;
			files = (
				DC9E33A320EC3118005C0BB9 /* IOSQuizTests.swift in Sources */,
			);
			runOnlyForDeploymentPostprocessing = 0;
		};
		DC9E33A520EC3118005C0BB9 /* Sources */ = {
			isa = PBXSourcesBuildPhase;
			buildActionMask = 2147483647;
			files = (
				DC9E33AE20EC3118005C0BB9 /* IOSQuizUITests.swift in Sources */,
			);
			runOnlyForDeploymentPostprocessing = 0;
		};
/* End PBXSourcesBuildPhase section */

/* Begin PBXTargetDependency section */
		DC9E33A020EC3118005C0BB9 /* PBXTargetDependency */ = {
			isa = PBXTargetDependency;
			target = DC9E338920EC3116005C0BB9 /* IOSQuiz */;
			targetProxy = DC9E339F20EC3118005C0BB9 /* PBXContainerItemProxy */;
		};
		DC9E33AB20EC3118005C0BB9 /* PBXTargetDependency */ = {
			isa = PBXTargetDependency;
			target = DC9E338920EC3116005C0BB9 /* IOSQuiz */;
			targetProxy = DC9E33AA20EC3118005C0BB9 /* PBXContainerItemProxy */;
		};
/* End PBXTargetDependency section */

/* Begin PBXVariantGroup section */
		DC9E339120EC3116005C0BB9 /* Main.storyboard */ = {
			isa = PBXVariantGroup;
			children = (
				DC9E339220EC3116005C0BB9 /* Base */,
			);
			name = Main.storyboard;
			sourceTree = "<group>";
		};
		DC9E339620EC3118005C0BB9 /* LaunchScreen.storyboard */ = {
			isa = PBXVariantGroup;
			children = (
				DC9E339720EC3118005C0BB9 /* Base */,
			);
			name = LaunchScreen.storyboard;
			sourceTree = "<group>";
		};
/* End PBXVariantGroup section */

/* Begin XCBuildConfiguration section */
		DC9E33B020EC3118005C0BB9 /* Debug */ = {
			isa = XCBuildConfiguration;
			buildSettings = {
				ALWAYS_SEARCH_USER_PATHS = NO;
				CLANG_ANALYZER_NONNULL = YES;
				CLANG_ANALYZER_NUMBER_OBJECT_CONVERSION = YES_AGGRESSIVE;
				CLANG_CXX_LANGUAGE_STANDARD = "gnu++14";
				CLANG_CXX_LIBRARY = "libc++";
				CLANG_ENABLE_MODULES = YES;
				CLANG_ENABLE_OBJC_ARC = YES;
				CLANG_ENABLE_OBJC_WEAK = YES;
				CLANG_WARN_BLOCK_CAPTURE_AUTORELEASING = YES;
				CLANG_WARN_BOOL_CONVERSION = YES;
				CLANG_WARN_COMMA = YES;
				CLANG_WARN_CONSTANT_CONVERSION = YES;
				CLANG_WARN_DEPRECATED_OBJC_IMPLEMENTATIONS = YES;
				CLANG_WARN_DIRECT_OBJC_ISA_USAGE = YES_ERROR;
				CLANG_WARN_DOCUMENTATION_COMMENTS = YES;
				CLANG_WARN_EMPTY_BODY = YES;
				CLANG_WARN_ENUM_CONVERSION = YES;
				CLANG_WARN_INFINITE_RECURSION = YES;
				CLANG_WARN_INT_CONVERSION = YES;
				CLANG_WARN_NON_LITERAL_NULL_CONVERSION = YES;
				CLANG_WARN_OBJC_IMPLICIT_RETAIN_SELF = YES;
				CLANG_WARN_OBJC_LITERAL_CONVERSION = YES;
				CLANG_WARN_OBJC_ROOT_CLASS = YES_ERROR;
				CLANG_WARN_RANGE_LOOP_ANALYSIS = YES;
				CLANG_WARN_STRICT_PROTOTYPES = YES;
				CLANG_WARN_SUSPICIOUS_MOVE = YES;
				CLANG_WARN_UNGUARDED_AVAILABILITY = YES_AGGRESSIVE;
				CLANG_WARN_UNREACHABLE_CODE = YES;
				CLANG_WARN__DUPLICATE_METHOD_MATCH = YES;
				CODE_SIGN_IDENTITY = "iPhone Developer";
				COPY_PHASE_STRIP = NO;
				DEBUG_INFORMATION_FORMAT = dwarf;
				ENABLE_STRICT_OBJC_MSGSEND = YES;
				ENABLE_TESTABILITY = YES;
				GCC_C_LANGUAGE_STANDARD = gnu11;
				GCC_DYNAMIC_NO_PIC = NO;
				GCC_NO_COMMON_BLOCKS = YES;
				GCC_OPTIMIZATION_LEVEL = 0;
				GCC_PREPROCESSOR_DEFINITIONS = (
					"DEBUG=1",
					"$(inherited)",
				);
				GCC_WARN_64_TO_32_BIT_CONVERSION = YES;
				GCC_WARN_ABOUT_RETURN_TYPE = YES_ERROR;
				GCC_WARN_UNDECLARED_SELECTOR = YES;
				GCC_WARN_UNINITIALIZED_AUTOS = YES_AGGRESSIVE;
				GCC_WARN_UNUSED_FUNCTION = YES;
				GCC_WARN_UNUSED_VARIABLE = YES;
				IPHONEOS_DEPLOYMENT_TARGET = 11.4;
				MTL_ENABLE_DEBUG_INFO = YES;
				ONLY_ACTIVE_ARCH = YES;
				SDKROOT = iphoneos;
				SWIFT_ACTIVE_COMPILATION_CONDITIONS = DEBUG;
				SWIFT_OPTIMIZATION_LEVEL = "-Onone";
			};
			name = Debug;
		};
		DC9E33B120EC3118005C0BB9 /* Release */ = {
			isa = XCBuildConfiguration;
			buildSettings = {
				ALWAYS_SEARCH_USER_PATHS = NO;
				CLANG_ANALYZER_NONNULL = YES;
				CLANG_ANALYZER_NUMBER_OBJECT_CONVERSION = YES_AGGRESSIVE;
				CLANG_CXX_LANGUAGE_STANDARD = "gnu++14";
				CLANG_CXX_LIBRARY = "libc++";
				CLANG_ENABLE_MODULES = YES;
				CLANG_ENABLE_OBJC_ARC = YES;
				CLANG_ENABLE_OBJC_WEAK = YES;
				CLANG_WARN_BLOCK_CAPTURE_AUTORELEASING = YES;
				CLANG_WARN_BOOL_CONVERSION = YES;
				CLANG_WARN_COMMA = YES;
				CLANG_WARN_CONSTANT_CONVERSION = YES;
				CLANG_WARN_DEPRECATED_OBJC_IMPLEMENTATIONS = YES;
				CLANG_WARN_DIRECT_OBJC_ISA_USAGE = YES_ERROR;
				CLANG_WARN_DOCUMENTATION_COMMENTS = YES;
				CLANG_WARN_EMPTY_BODY = YES;
				CLANG_WARN_ENUM_CONVERSION = YES;
				CLANG_WARN_INFINITE_RECURSION = YES;
				CLANG_WARN_INT_CONVERSION = YES;
				CLANG_WARN_NON_LITERAL_NULL_CONVERSION = YES;
				CLANG_WARN_OBJC_IMPLICIT_RETAIN_SELF = YES;
				CLANG_WARN_OBJC_LITERAL_CONVERSION = YES;
				CLANG_WARN_OBJC_ROOT_CLASS = YES_ERROR;
				CLANG_WARN_RANGE_LOOP_ANALYSIS = YES;
				CLANG_WARN_STRICT_PROTOTYPES = YES;
				CLANG_WARN_SUSPICIOUS_MOVE = YES;
				CLANG_WARN_UNGUARDED_AVAILABILITY = YES_AGGRESSIVE;
				CLANG_WARN_UNREACHABLE_CODE = YES;
				CLANG_WARN__DUPLICATE_METHOD_MATCH = YES;
				CODE_SIGN_IDENTITY = "iPhone Developer";
				COPY_PHASE_STRIP = NO;
				DEBUG_INFORMATION_FORMAT = "dwarf-with-dsym";
				ENABLE_NS_ASSERTIONS = NO;
				ENABLE_STRICT_OBJC_MSGSEND = YES;
				GCC_C_LANGUAGE_STANDARD = gnu11;
				GCC_NO_COMMON_BLOCKS = YES;
				GCC_WARN_64_TO_32_BIT_CONVERSION = YES;
				GCC_WARN_ABOUT_RETURN_TYPE = YES_ERROR;
				GCC_WARN_UNDECLARED_SELECTOR = YES;
				GCC_WARN_UNINITIALIZED_AUTOS = YES_AGGRESSIVE;
				GCC_WARN_UNUSED_FUNCTION = YES;
				GCC_WARN_UNUSED_VARIABLE = YES;
				IPHONEOS_DEPLOYMENT_TARGET = 11.4;
				MTL_ENABLE_DEBUG_INFO = NO;
				SDKROOT = iphoneos;
				SWIFT_COMPILATION_MODE = wholemodule;
				SWIFT_OPTIMIZATION_LEVEL = "-O";
				VALIDATE_PRODUCT = YES;
			};
			name = Release;
		};
		DC9E33B320EC3118005C0BB9 /* Debug */ = {
			isa = XCBuildConfiguration;
			buildSettings = {
				ASSETCATALOG_COMPILER_APPICON_NAME = AppIcon;
				CODE_SIGN_STYLE = Automatic;
				INFOPLIST_FILE = IOSQuiz/Info.plist;
				LD_RUNPATH_SEARCH_PATHS = (
					"$(inherited)",
					"@executable_path/Frameworks",
				);
				PRODUCT_BUNDLE_IDENTIFIER = com.codingdojo.IOSQuiz;
				PRODUCT_NAME = "$(TARGET_NAME)";
				SWIFT_VERSION = 4.0;
				TARGETED_DEVICE_FAMILY = "1,2";
			};
			name = Debug;
		};
		DC9E33B420EC3118005C0BB9 /* Release */ = {
			isa = XCBuildConfiguration;
			buildSettings = {
				ASSETCATALOG_COMPILER_APPICON_NAME = AppIcon;
				CODE_SIGN_STYLE = Automatic;
				INFOPLIST_FILE = IOSQuiz/Info.plist;
				LD_RUNPATH_SEARCH_PATHS = (
					"$(inherited)",
					"@executable_path/Frameworks",
				);
				PRODUCT_BUNDLE_IDENTIFIER = com.codingdojo.IOSQuiz;
				PRODUCT_NAME = "$(TARGET_NAME)";
				SWIFT_VERSION = 4.0;
				TARGETED_DEVICE_FAMILY = "1,2";
			};
			name = Release;
		};
		DC9E33B620EC3118005C0BB9 /* Debug */ = {
			isa = XCBuildConfiguration;
			buildSettings = {
				ALWAYS_EMBED_SWIFT_STANDARD_LIBRARIES = YES;
				BUNDLE_LOADER = "$(TEST_HOST)";
				CODE_SIGN_STYLE = Automatic;
				INFOPLIST_FILE = IOSQuizTests/Info.plist;
				LD_RUNPATH_SEARCH_PATHS = (
					"$(inherited)",
					"@executable_path/Frameworks",
					"@loader_path/Frameworks",
				);
				PRODUCT_BUNDLE_IDENTIFIER = com.codingdojo.IOSQuizTests;
				PRODUCT_NAME = "$(TARGET_NAME)";
				SWIFT_VERSION = 4.0;
				TARGETED_DEVICE_FAMILY = "1,2";
				TEST_HOST = "$(BUILT_PRODUCTS_DIR)/IOSQuiz.app/IOSQuiz";
			};
			name = Debug;
		};
		DC9E33B720EC3118005C0BB9 /* Release */ = {
			isa = XCBuildConfiguration;
			buildSettings = {
				ALWAYS_EMBED_SWIFT_STANDARD_LIBRARIES = YES;
				BUNDLE_LOADER = "$(TEST_HOST)";
				CODE_SIGN_STYLE = Automatic;
				INFOPLIST_FILE = IOSQuizTests/Info.plist;
				LD_RUNPATH_SEARCH_PATHS = (
					"$(inherited)",
					"@executable_path/Frameworks",
					"@loader_path/Frameworks",
				);
				PRODUCT_BUNDLE_IDENTIFIER = com.codingdojo.IOSQuizTests;
				PRODUCT_NAME = "$(TARGET_NAME)";
				SWIFT_VERSION = 4.0;
				TARGETED_DEVICE_FAMILY = "1,2";
				TEST_HOST = "$(BUILT_PRODUCTS_DIR)/IOSQuiz.app/IOSQuiz";
			};
			name = Release;
		};
		DC9E33B920EC3118005C0BB9 /* Debug */ = {
			isa = XCBuildConfiguration;
			buildSettings = {
				ALWAYS_EMBED_SWIFT_STANDARD_LIBRARIES = YES;
				CODE_SIGN_STYLE = Automatic;
				INFOPLIST_FILE = IOSQuizUITests/Info.plist;
				LD_RUNPATH_SEARCH_PATHS = (
					"$(inherited)",
					"@executable_path/Frameworks",
					"@loader_path/Frameworks",
				);
				PRODUCT_BUNDLE_IDENTIFIER = com.codingdojo.IOSQuizUITests;
				PRODUCT_NAME = "$(TARGET_NAME)";
				SWIFT_VERSION = 4.0;
				TARGETED_DEVICE_FAMILY = "1,2";
				TEST_TARGET_NAME = IOSQuiz;
			};
			name = Debug;
		};
		DC9E33BA20EC3118005C0BB9 /* Release */ = {
			isa = XCBuildConfiguration;
			buildSettings = {
				ALWAYS_EMBED_SWIFT_STANDARD_LIBRARIES = YES;
				CODE_SIGN_STYLE = Automatic;
				INFOPLIST_FILE = IOSQuizUITests/Info.plist;
				LD_RUNPATH_SEARCH_PATHS = (
					"$(inherited)",
					"@executable_path/Frameworks",
					"@loader_path/Frameworks",
				);
				PRODUCT_BUNDLE_IDENTIFIER = com.codingdojo.IOSQuizUITests;
				PRODUCT_NAME = "$(TARGET_NAME)";
				SWIFT_VERSION = 4.0;
				TARGETED_DEVICE_FAMILY = "1,2";
				TEST_TARGET_NAME = IOSQuiz;
			};
			name = Release;
		};
/* End XCBuildConfiguration section */

/* Begin XCConfigurationList section */
		DC9E338520EC3116005C0BB9 /* Build configuration list for PBXProject "IOSQuiz" */ = {
			isa = XCConfigurationList;
			buildConfigurations = (
				DC9E33B020EC3118005C0BB9 /* Debug */,
				DC9E33B120EC3118005C0BB9 /* Release */,
			);
			defaultConfigurationIsVisible = 0;
			defaultConfigurationName = Release;
		};
		DC9E33B220EC3118005C0BB9 /* Build configuration list for PBXNativeTarget "IOSQuiz" */ = {
			isa = XCConfigurationList;
			buildConfigurations = (
				DC9E33B320EC3118005C0BB9 /* Debug */,
				DC9E33B420EC3118005C0BB9 /* Release */,
			);
			defaultConfigurationIsVisible = 0;
			defaultConfigurationName = Release;
		};
		DC9E33B520EC3118005C0BB9 /* Build configuration list for PBXNativeTarget "IOSQuizTests" */ = {
			isa = XCConfigurationList;
			buildConfigurations = (
				DC9E33B620EC3118005C0BB9 /* Debug */,
				DC9E33B720EC3118005C0BB9 /* Release */,
			);
			defaultConfigurationIsVisible = 0;
			defaultConfigurationName = Release;
		};
		DC9E33B820EC3118005C0BB9 /* Build configuration list for PBXNativeTarget "IOSQuizUITests" */ = {
			isa = XCConfigurationList;
			buildConfigurations = (
				DC9E33B920EC3118005C0BB9 /* Debug */,
				DC9E33BA20EC3118005C0BB9 /* Release */,
			);
			defaultConfigurationIsVisible = 0;
			defaultConfigurationName = Release;
		};
/* End XCConfigurationList section */
	};
	rootObject = DC9E338220EC3116005C0BB9 /* Project object */;
}
